
Microsoft Visual Studio Solution File, Format Version 12.00
# Visual Studio Version 16
VisualStudioVersion = 16.0.30309.148
MinimumVisualStudioVersion = 10.0.40219.1
Project("{8BC9CEB8-8B4A-11D0-8D11-00A0C91BC942}") = "Sandbox", "Sandbox\Sandbox.vcxproj", "{8805D1D0-AB14-40BA-BEC4-65A6A5D99648}"
EndProject
Project("{8BC9CEB8-8B4A-11D0-8D11-00A0C91BC942}") = "Hazel", "Hazel\Hazel.vcxproj", "{58436CA2-6BE3-4050-9B42-A50C192EBBCE}"
EndProject
Global
	GlobalSection(SolutionConfigurationPlatforms) = preSolution
		Debug|x64 = Debug|x64
		Debug|x86 = Debug|x86
		Release|x64 = Release|x64
		Release|x86 = Release|x86
	EndGlobalSection
	GlobalSection(ProjectConfigurationPlatforms) = postSolution
		{58436CA2-6BE3-4050-9B42-A50C192EBBCE}.Debug|x64.ActiveCfg = Debug|x64
		{58436CA2-6BE3-4050-9B42-A50C192EBBCE}.Debug|x64.Build.0 = Debug|x64
		{58436CA2-6BE3-4050-9B42-A50C192EBBCE}.Debug|x86.ActiveCfg = Debug|x64
		{58436CA2-6BE3-4050-9B42-A50C192EBBCE}.Release|x64.ActiveCfg = Release|x64
		{58436CA2-6BE3-4050-9B42-A50C192EBBCE}.Release|x64.Build.0 = Release|x64
		{58436CA2-6BE3-4050-9B42-A50C192EBBCE}.Release|x86.ActiveCfg = Release|x64
		{8805D1D0-AB14-40BA-BEC4-65A6A5D99648}.Debug|x64.ActiveCfg = Debug|x64
		{8805D1D0-AB14-40BA-BEC4-65A6A5D99648}.Debug|x64.Build.0 = Debug|x64
		{8805D1D0-AB14-40BA-BEC4-65A6A5D99648}.Debug|x86.ActiveCfg = Debug|Win32
		{8805D1D0-AB14-40BA-BEC4-65A6A5D99648}.Debug|x86.Build.0 = Debug|Win32
		{8805D1D0-AB14-40BA-BEC4-65A6A5D99648}.Release|x64.ActiveCfg = Release|x64
		{8805D1D0-AB14-40BA-BEC4-65A6A5D99648}.Release|x64.Build.0 = Release|x64
		{8805D1D0-AB14-40BA-BEC4-65A6A5D99648}.Release|x86.ActiveCfg = Release|Win32
		{8805D1D0-AB14-40BA-BEC4-65A6A5D99648}.Release|x86.Build.0 = Release|Win32
	EndGlobalSection
	GlobalSection(SolutionProperties) = preSolution
		HideSolutionNode = FALSE
	EndGlobalSection
	GlobalSection(ExtensibilityGlobals) = postSolution
		SolutionGuid = {494D1E85-A0CB-4729-9F09-630DD7ED17FA}
	EndGlobalSection
EndGlobal
